// !$*UTF8*$!
{
	archiveVersion = 1;
	classes = {
	};
	objectVersion = 50;
	objects = {

/* Begin PBXBuildFile section */
		80CB307F21F13C0D00219306 /* AppDelegate.swift in Sources */ = {isa = PBXBuildFile; fileRef = 80CB307E21F13C0D00219306 /* AppDelegate.swift */; };
		80CB308121F13C0D00219306 /* GameScene.sks in Resources */ = {isa = PBXBuildFile; fileRef = 80CB308021F13C0D00219306 /* GameScene.sks */; };
		80CB308321F13C0D00219306 /* Actions.sks in Resources */ = {isa = PBXBuildFile; fileRef = 80CB308221F13C0D00219306 /* Actions.sks */; };
		80CB308521F13C0D00219306 /* GameScene.swift in Sources */ = {isa = PBXBuildFile; fileRef = 80CB308421F13C0D00219306 /* GameScene.swift */; };
		80CB308721F13C0D00219306 /* GameViewController.swift in Sources */ = {isa = PBXBuildFile; fileRef = 80CB308621F13C0D00219306 /* GameViewController.swift */; };
		80CB308A21F13C0D00219306 /* Main.storyboard in Resources */ = {isa = PBXBuildFile; fileRef = 80CB308821F13C0D00219306 /* Main.storyboard */; };
		80CB308C21F13C1100219306 /* Assets.xcassets in Resources */ = {isa = PBXBuildFile; fileRef = 80CB308B21F13C1100219306 /* Assets.xcassets */; };
		80CB308F21F13C1100219306 /* LaunchScreen.storyboard in Resources */ = {isa = PBXBuildFile; fileRef = 80CB308D21F13C1100219306 /* LaunchScreen.storyboard */; };
		80CB309A21F13C1200219306 /* IDONTKNOWTests.swift in Sources */ = {isa = PBXBuildFile; fileRef = 80CB309921F13C1200219306 /* IDONTKNOWTests.swift */; };
		80CB30A521F13C1200219306 /* IDONTKNOWUITests.swift in Sources */ = {isa = PBXBuildFile; fileRef = 80CB30A421F13C1200219306 /* IDONTKNOWUITests.swift */; };
/* End PBXBuildFile section */

/* Begin PBXContainerItemProxy section */
		80CB309621F13C1200219306 /* PBXContainerItemProxy */ = {
			isa = PBXContainerItemProxy;
			containerPortal = 80CB307321F13C0D00219306 /* Project object */;
			proxyType = 1;
			remoteGlobalIDString = 80CB307A21F13C0D00219306;
			remoteInfo = IDONTKNOW;
		};
		80CB30A121F13C1200219306 /* PBXContainerItemProxy */ = {
			isa = PBXContainerItemProxy;
			containerPortal = 80CB307321F13C0D00219306 /* Project object */;
			proxyType = 1;
			remoteGlobalIDString = 80CB307A21F13C0D00219306;
			remoteInfo = IDONTKNOW;
		};
/* End PBXContainerItemProxy section */

/* Begin PBXFileReference section */
		80CB307B21F13C0D00219306 /* IDONTKNOW.app */ = {isa = PBXFileReference; explicitFileType = wrapper.application; includeInIndex = 0; path = IDONTKNOW.app; sourceTree = BUILT_PRODUCTS_DIR; };
		80CB307E21F13C0D00219306 /* AppDelegate.swift */ = {isa = PBXFileReference; lastKnownFileType = sourcecode.swift; path = AppDelegate.swift; sourceTree = "<group>"; };
		80CB308021F13C0D00219306 /* GameScene.sks */ = {isa = PBXFileReference; lastKnownFileType = file.sks; path = GameScene.sks; sourceTree = "<group>"; };
		80CB308221F13C0D00219306 /* Actions.sks */ = {isa = PBXFileReference; lastKnownFileType = file.sks; path = Actions.sks; sourceTree = "<group>"; };
		80CB308421F13C0D00219306 /* GameScene.swift */ = {isa = PBXFileReference; lastKnownFileType = sourcecode.swift; path = GameScene.swift; sourceTree = "<group>"; };
		80CB308621F13C0D00219306 /* GameViewController.swift */ = {isa = PBXFileReference; lastKnownFileType = sourcecode.swift; path = GameViewController.swift; sourceTree = "<group>"; };
		80CB308921F13C0D00219306 /* Base */ = {isa = PBXFileReference; lastKnownFileType = file.storyboard; name = Base; path = Base.lproj/Main.storyboard; sourceTree = "<group>"; };
		80CB308B21F13C1100219306 /* Assets.xcassets */ = {isa = PBXFileReference; lastKnownFileType = folder.assetcatalog; path = Assets.xcassets; sourceTree = "<group>"; };
		80CB308E21F13C1100219306 /* Base */ = {isa = PBXFileReference; lastKnownFileType = file.storyboard; name = Base; path = Base.lproj/LaunchScreen.storyboard; sourceTree = "<group>"; };
		80CB309021F13C1100219306 /* Info.plist */ = {isa = PBXFileReference; lastKnownFileType = text.plist.xml; path = Info.plist; sourceTree = "<group>"; };
		80CB309521F13C1200219306 /* IDONTKNOWTests.xctest */ = {isa = PBXFileReference; explicitFileType = wrapper.cfbundle; includeInIndex = 0; path = IDONTKNOWTests.xctest; sourceTree = BUILT_PRODUCTS_DIR; };
		80CB309921F13C1200219306 /* IDONTKNOWTests.swift */ = {isa = PBXFileReference; lastKnownFileType = sourcecode.swift; path = IDONTKNOWTests.swift; sourceTree = "<group>"; };
		80CB309B21F13C1200219306 /* Info.plist */ = {isa = PBXFileReference; lastKnownFileType = text.plist.xml; path = Info.plist; sourceTree = "<group>"; };
		80CB30A021F13C1200219306 /* IDONTKNOWUITests.xctest */ = {isa = PBXFileReference; explicitFileType = wrapper.cfbundle; includeInIndex = 0; path = IDONTKNOWUITests.xctest; sourceTree = BUILT_PRODUCTS_DIR; };
		80CB30A421F13C1200219306 /* IDONTKNOWUITests.swift */ = {isa = PBXFileReference; lastKnownFileType = sourcecode.swift; path = IDONTKNOWUITests.swift; sourceTree = "<group>"; };
		80CB30A621F13C1200219306 /* Info.plist */ = {isa = PBXFileReference; lastKnownFileType = text.plist.xml; path = Info.plist; sourceTree = "<group>"; };
/* End PBXFileReference section */

/* Begin PBXFrameworksBuildPhase section */
		80CB307821F13C0D00219306 /* Frameworks */ = {
			isa = PBXFrameworksBuildPhase;
			buildActionMask = 2147483647;
			files = (
			);
			runOnlyForDeploymentPostprocessing = 0;
		};
		80CB309221F13C1200219306 /* Frameworks */ = {
			isa = PBXFrameworksBuildPhase;
			buildActionMask = 2147483647;
			files = (
			);
			runOnlyForDeploymentPostprocessing = 0;
		};
		80CB309D21F13C1200219306 /* Frameworks */ = {
			isa = PBXFrameworksBuildPhase;
			buildActionMask = 2147483647;
			files = (
			);
			runOnlyForDeploymentPostprocessing = 0;
		};
/* End PBXFrameworksBuildPhase section */

/* Begin PBXGroup section */
		80CB307221F13C0D00219306 = {
			isa = PBXGroup;
			children = (
				80CB307D21F13C0D00219306 /* IDONTKNOW */,
				80CB309821F13C1200219306 /* IDONTKNOWTests */,
				80CB30A321F13C1200219306 /* IDONTKNOWUITests */,
				80CB307C21F13C0D00219306 /* Products */,
			);
			sourceTree = "<group>";
		};
		80CB307C21F13C0D00219306 /* Products */ = {
			isa = PBXGroup;
			children = (
				80CB307B21F13C0D00219306 /* IDONTKNOW.app */,
				80CB309521F13C1200219306 /* IDONTKNOWTests.xctest */,
				80CB30A021F13C1200219306 /* IDONTKNOWUITests.xctest */,
			);
			name = Products;
			sourceTree = "<group>";
		};
		80CB307D21F13C0D00219306 /* IDONTKNOW */ = {
			isa = PBXGroup;
			children = (
				80CB307E21F13C0D00219306 /* AppDelegate.swift */,
				80CB308021F13C0D00219306 /* GameScene.sks */,
				80CB308221F13C0D00219306 /* Actions.sks */,
				80CB308421F13C0D00219306 /* GameScene.swift */,
				80CB308621F13C0D00219306 /* GameViewController.swift */,
				80CB308821F13C0D00219306 /* Main.storyboard */,
				80CB308B21F13C1100219306 /* Assets.xcassets */,
				80CB308D21F13C1100219306 /* LaunchScreen.storyboard */,
				80CB309021F13C1100219306 /* Info.plist */,
			);
			path = IDONTKNOW;
			sourceTree = "<group>";
		};
		80CB309821F13C1200219306 /* IDONTKNOWTests */ = {
			isa = PBXGroup;
			children = (
				80CB309921F13C1200219306 /* IDONTKNOWTests.swift */,
				80CB309B21F13C1200219306 /* Info.plist */,
			);
			path = IDONTKNOWTests;
			sourceTree = "<group>";
		};
		80CB30A321F13C1200219306 /* IDONTKNOWUITests */ = {
			isa = PBXGroup;
			children = (
				80CB30A421F13C1200219306 /* IDONTKNOWUITests.swift */,
				80CB30A621F13C1200219306 /* Info.plist */,
			);
			path = IDONTKNOWUITests;
			sourceTree = "<group>";
		};
/* End PBXGroup section */

/* Begin PBXNativeTarget section */
		80CB307A21F13C0D00219306 /* IDONTKNOW */ = {
			isa = PBXNativeTarget;
			buildConfigurationList = 80CB30A921F13C1200219306 /* Build configuration list for PBXNativeTarget "IDONTKNOW" */;
			buildPhases = (
				80CB307721F13C0D00219306 /* Sources */,
				80CB307821F13C0D00219306 /* Frameworks */,
				80CB307921F13C0D00219306 /* Resources */,
			);
			buildRules = (
			);
			dependencies = (
			);
			name = IDONTKNOW;
			productName = IDONTKNOW;
			productReference = 80CB307B21F13C0D00219306 /* IDONTKNOW.app */;
			productType = "com.apple.product-type.application";
		};
		80CB309421F13C1200219306 /* IDONTKNOWTests */ = {
			isa = PBXNativeTarget;
			buildConfigurationList = 80CB30AC21F13C1200219306 /* Build configuration list for PBXNativeTarget "IDONTKNOWTests" */;
			buildPhases = (
				80CB309121F13C1200219306 /* Sources */,
				80CB309221F13C1200219306 /* Frameworks */,
				80CB309321F13C1200219306 /* Resources */,
			);
			buildRules = (
			);
			dependencies = (
				80CB309721F13C1200219306 /* PBXTargetDependency */,
			);
			name = IDONTKNOWTests;
			productName = IDONTKNOWTests;
			productReference = 80CB309521F13C1200219306 /* IDONTKNOWTests.xctest */;
			productType = "com.apple.product-type.bundle.unit-test";
		};
		80CB309F21F13C1200219306 /* IDONTKNOWUITests */ = {
			isa = PBXNativeTarget;
			buildConfigurationList = 80CB30AF21F13C1200219306 /* Build configuration list for PBXNativeTarget "IDONTKNOWUITests" */;
			buildPhases = (
				80CB309C21F13C1200219306 /* Sources */,
				80CB309D21F13C1200219306 /* Frameworks */,
				80CB309E21F13C1200219306 /* Resources */,
			);
			buildRules = (
			);
			dependencies = (
				80CB30A221F13C1200219306 /* PBXTargetDependency */,
			);
			name = IDONTKNOWUITests;
			productName = IDONTKNOWUITests;
			productReference = 80CB30A021F13C1200219306 /* IDONTKNOWUITests.xctest */;
			productType = "com.apple.product-type.bundle.ui-testing";
		};
/* End PBXNativeTarget section */

/* Begin PBXProject section */
		80CB307321F13C0D00219306 /* Project object */ = {
			isa = PBXProject;
			attributes = {
				LastSwiftUpdateCheck = 1010;
				LastUpgradeCheck = 1010;
				ORGANIZATIONNAME = "Lukas Bose";
				TargetAttributes = {
					80CB307A21F13C0D00219306 = {
						CreatedOnToolsVersion = 10.1;
					};
					80CB309421F13C1200219306 = {
						CreatedOnToolsVersion = 10.1;
						TestTargetID = 80CB307A21F13C0D00219306;
					};
					80CB309F21F13C1200219306 = {
						CreatedOnToolsVersion = 10.1;
						TestTargetID = 80CB307A21F13C0D00219306;
					};
				};
			};
			buildConfigurationList = 80CB307621F13C0D00219306 /* Build configuration list for PBXProject "IDONTKNOW" */;
			compatibilityVersion = "Xcode 9.3";
			developmentRegion = en;
			hasScannedForEncodings = 0;
			knownRegions = (
				en,
				Base,
			);
			mainGroup = 80CB307221F13C0D00219306;
			productRefGroup = 80CB307C21F13C0D00219306 /* Products */;
			projectDirPath = "";
			projectRoot = "";
			targets = (
				80CB307A21F13C0D00219306 /* IDONTKNOW */,
				80CB309421F13C1200219306 /* IDONTKNOWTests */,
				80CB309F21F13C1200219306 /* IDONTKNOWUITests */,
			);
		};
/* End PBXProject section */

/* Begin PBXResourcesBuildPhase section */
		80CB307921F13C0D00219306 /* Resources */ = {
			isa = PBXResourcesBuildPhase;
			buildActionMask = 2147483647;
			files = (
				80CB308A21F13C0D00219306 /* Main.storyboard in Resources */,
				80CB308121F13C0D00219306 /* GameScene.sks in Resources */,
				80CB308C21F13C1100219306 /* Assets.xcassets in Resources */,
				80CB308F21F13C1100219306 /* LaunchScreen.storyboard in Resources */,
				80CB308321F13C0D00219306 /* Actions.sks in Resources */,
			);
			runOnlyForDeploymentPostprocessing = 0;
		};
		80CB309321F13C1200219306 /* Resources */ = {
			isa = PBXResourcesBuildPhase;
			buildActionMask = 2147483647;
			files = (
			);
			runOnlyForDeploymentPostprocessing = 0;
		};
		80CB309E21F13C1200219306 /* Resources */ = {
			isa = PBXResourcesBuildPhase;
			buildActionMask = 2147483647;
			files = (
			);
			runOnlyForDeploymentPostprocessing = 0;
		};
/* End PBXResourcesBuildPhase section */

/* Begin PBXSourcesBuildPhase section */
		80CB307721F13C0D00219306 /* Sources */ = {
			isa = PBXSourcesBuildPhase;
			buildActionMask = 2147483647;
			files = (
				80CB308521F13C0D00219306 /* GameScene.swift in Sources */,
				80CB308721F13C0D00219306 /* GameViewController.swift in Sources */,
				80CB307F21F13C0D00219306 /* AppDelegate.swift in Sources */,
			);
			runOnlyForDeploymentPostprocessing = 0;
		};
		80CB309121F13C1200219306 /* Sources */ = {
			isa = PBXSourcesBuildPhase;
			buildActionMask = 2147483647;
			files = (
				80CB309A21F13C1200219306 /* IDONTKNOWTests.swift in Sources */,
			);
			runOnlyForDeploymentPostprocessing = 0;
		};
		80CB309C21F13C1200219306 /* Sources */ = {
			isa = PBXSourcesBuildPhase;
			buildActionMask = 2147483647;
			files = (
				80CB30A521F13C1200219306 /* IDONTKNOWUITests.swift in Sources */,
			);
			runOnlyForDeploymentPostprocessing = 0;
		};
/* End PBXSourcesBuildPhase section */

/* Begin PBXTargetDependency section */
		80CB309721F13C1200219306 /* PBXTargetDependency */ = {
			isa = PBXTargetDependency;
			target = 80CB307A21F13C0D00219306 /* IDONTKNOW */;
			targetProxy = 80CB309621F13C1200219306 /* PBXContainerItemProxy */;
		};
		80CB30A221F13C1200219306 /* PBXTargetDependency */ = {
			isa = PBXTargetDependency;
			target = 80CB307A21F13C0D00219306 /* IDONTKNOW */;
			targetProxy = 80CB30A121F13C1200219306 /* PBXContainerItemProxy */;
		};
/* End PBXTargetDependency section */

/* Begin PBXVariantGroup section */
		80CB308821F13C0D00219306 /* Main.storyboard */ = {
			isa = PBXVariantGroup;
			children = (
				80CB308921F13C0D00219306 /* Base */,
			);
			name = Main.storyboard;
			sourceTree = "<group>";
		};
		80CB308D21F13C1100219306 /* LaunchScreen.storyboard */ = {
			isa = PBXVariantGroup;
			children = (
				80CB308E21F13C1100219306 /* Base */,
			);
			name = LaunchScreen.storyboard;
			sourceTree = "<group>";
		};
/* End PBXVariantGroup section */

/* Begin XCBuildConfiguration section */
		80CB30A721F13C1200219306 /* Debug */ = {
			isa = XCBuildConfiguration;
			buildSettings = {
				ALWAYS_SEARCH_USER_PATHS = NO;
				CLANG_ANALYZER_NONNULL = YES;
				CLANG_ANALYZER_NUMBER_OBJECT_CONVERSION = YES_AGGRESSIVE;
				CLANG_CXX_LANGUAGE_STANDARD = "gnu++14";
				CLANG_CXX_LIBRARY = "libc++";
				CLANG_ENABLE_MODULES = YES;
				CLANG_ENABLE_OBJC_ARC = YES;
				CLANG_ENABLE_OBJC_WEAK = YES;
				CLANG_WARN_BLOCK_CAPTURE_AUTORELEASING = YES;
				CLANG_WARN_BOOL_CONVERSION = YES;
				CLANG_WARN_COMMA = YES;
				CLANG_WARN_CONSTANT_CONVERSION = YES;
				CLANG_WARN_DEPRECATED_OBJC_IMPLEMENTATIONS = YES;
				CLANG_WARN_DIRECT_OBJC_ISA_USAGE = YES_ERROR;
				CLANG_WARN_DOCUMENTATION_COMMENTS = YES;
				CLANG_WARN_EMPTY_BODY = YES;
				CLANG_WARN_ENUM_CONVERSION = YES;
				CLANG_WARN_INFINITE_RECURSION = YES;
				CLANG_WARN_INT_CONVERSION = YES;
				CLANG_WARN_NON_LITERAL_NULL_CONVERSION = YES;
				CLANG_WARN_OBJC_IMPLICIT_RETAIN_SELF = YES;
				CLANG_WARN_OBJC_LITERAL_CONVERSION = YES;
				CLANG_WARN_OBJC_ROOT_CLASS = YES_ERROR;
				CLANG_WARN_RANGE_LOOP_ANALYSIS = YES;
				CLANG_WARN_STRICT_PROTOTYPES = YES;
				CLANG_WARN_SUSPICIOUS_MOVE = YES;
				CLANG_WARN_UNGUARDED_AVAILABILITY = YES_AGGRESSIVE;
				CLANG_WARN_UNREACHABLE_CODE = YES;
				CLANG_WARN__DUPLICATE_METHOD_MATCH = YES;
				CODE_SIGN_IDENTITY = "iPhone Developer";
				COPY_PHASE_STRIP = NO;
				DEBUG_INFORMATION_FORMAT = dwarf;
				ENABLE_STRICT_OBJC_MSGSEND = YES;
				ENABLE_TESTABILITY = YES;
				GCC_C_LANGUAGE_STANDARD = gnu11;
				GCC_DYNAMIC_NO_PIC = NO;
				GCC_NO_COMMON_BLOCKS = YES;
				GCC_OPTIMIZATION_LEVEL = 0;
				GCC_PREPROCESSOR_DEFINITIONS = (
					"DEBUG=1",
					"$(inherited)",
				);
				GCC_WARN_64_TO_32_BIT_CONVERSION = YES;
				GCC_WARN_ABOUT_RETURN_TYPE = YES_ERROR;
				GCC_WARN_UNDECLARED_SELECTOR = YES;
				GCC_WARN_UNINITIALIZED_AUTOS = YES_AGGRESSIVE;
				GCC_WARN_UNUSED_FUNCTION = YES;
				GCC_WARN_UNUSED_VARIABLE = YES;
				IPHONEOS_DEPLOYMENT_TARGET = 12.1;
				MTL_ENABLE_DEBUG_INFO = INCLUDE_SOURCE;
				MTL_FAST_MATH = YES;
				ONLY_ACTIVE_ARCH = YES;
				SDKROOT = iphoneos;
				SWIFT_ACTIVE_COMPILATION_CONDITIONS = DEBUG;
				SWIFT_OPTIMIZATION_LEVEL = "-Onone";
			};
			name = Debug;
		};
		80CB30A821F13C1200219306 /* Release */ = {
			isa = XCBuildConfiguration;
			buildSettings = {
				ALWAYS_SEARCH_USER_PATHS = NO;
				CLANG_ANALYZER_NONNULL = YES;
				CLANG_ANALYZER_NUMBER_OBJECT_CONVERSION = YES_AGGRESSIVE;
				CLANG_CXX_LANGUAGE_STANDARD = "gnu++14";
				CLANG_CXX_LIBRARY = "libc++";
				CLANG_ENABLE_MODULES = YES;
				CLANG_ENABLE_OBJC_ARC = YES;
				CLANG_ENABLE_OBJC_WEAK = YES;
				CLANG_WARN_BLOCK_CAPTURE_AUTORELEASING = YES;
				CLANG_WARN_BOOL_CONVERSION = YES;
				CLANG_WARN_COMMA = YES;
				CLANG_WARN_CONSTANT_CONVERSION = YES;
				CLANG_WARN_DEPRECATED_OBJC_IMPLEMENTATIONS = YES;
				CLANG_WARN_DIRECT_OBJC_ISA_USAGE = YES_ERROR;
				CLANG_WARN_DOCUMENTATION_COMMENTS = YES;
				CLANG_WARN_EMPTY_BODY = YES;
				CLANG_WARN_ENUM_CONVERSION = YES;
				CLANG_WARN_INFINITE_RECURSION = YES;
				CLANG_WARN_INT_CONVERSION = YES;
				CLANG_WARN_NON_LITERAL_NULL_CONVERSION = YES;
				CLANG_WARN_OBJC_IMPLICIT_RETAIN_SELF = YES;
				CLANG_WARN_OBJC_LITERAL_CONVERSION = YES;
				CLANG_WARN_OBJC_ROOT_CLASS = YES_ERROR;
				CLANG_WARN_RANGE_LOOP_ANALYSIS = YES;
				CLANG_WARN_STRICT_PROTOTYPES = YES;
				CLANG_WARN_SUSPICIOUS_MOVE = YES;
				CLANG_WARN_UNGUARDED_AVAILABILITY = YES_AGGRESSIVE;
				CLANG_WARN_UNREACHABLE_CODE = YES;
				CLANG_WARN__DUPLICATE_METHOD_MATCH = YES;
				CODE_SIGN_IDENTITY = "iPhone Developer";
				COPY_PHASE_STRIP = NO;
				DEBUG_INFORMATION_FORMAT = "dwarf-with-dsym";
				ENABLE_NS_ASSERTIONS = NO;
				ENABLE_STRICT_OBJC_MSGSEND = YES;
				GCC_C_LANGUAGE_STANDARD = gnu11;
				GCC_NO_COMMON_BLOCKS = YES;
				GCC_WARN_64_TO_32_BIT_CONVERSION = YES;
				GCC_WARN_ABOUT_RETURN_TYPE = YES_ERROR;
				GCC_WARN_UNDECLARED_SELECTOR = YES;
				GCC_WARN_UNINITIALIZED_AUTOS = YES_AGGRESSIVE;
				GCC_WARN_UNUSED_FUNCTION = YES;
				GCC_WARN_UNUSED_VARIABLE = YES;
				IPHONEOS_DEPLOYMENT_TARGET = 12.1;
				MTL_ENABLE_DEBUG_INFO = NO;
				MTL_FAST_MATH = YES;
				SDKROOT = iphoneos;
				SWIFT_COMPILATION_MODE = wholemodule;
				SWIFT_OPTIMIZATION_LEVEL = "-O";
				VALIDATE_PRODUCT = YES;
			};
			name = Release;
		};
		80CB30AA21F13C1200219306 /* Debug */ = {
			isa = XCBuildConfiguration;
			buildSettings = {
				ASSETCATALOG_COMPILER_APPICON_NAME = AppIcon;
				CODE_SIGN_STYLE = Automatic;
				INFOPLIST_FILE = IDONTKNOW/Info.plist;
				LD_RUNPATH_SEARCH_PATHS = (
					"$(inherited)",
					"@executable_path/Frameworks",
				);
				PRODUCT_BUNDLE_IDENTIFIER = Lukas.IDONTKNOW;
				PRODUCT_NAME = "$(TARGET_NAME)";
				SWIFT_VERSION = 4.2;
				TARGETED_DEVICE_FAMILY = "1,2";
			};
			name = Debug;
		};
		80CB30AB21F13C1200219306 /* Release */ = {
			isa = XCBuildConfiguration;
			buildSettings = {
				ASSETCATALOG_COMPILER_APPICON_NAME = AppIcon;
				CODE_SIGN_STYLE = Automatic;
				INFOPLIST_FILE = IDONTKNOW/Info.plist;
				LD_RUNPATH_SEARCH_PATHS = (
					"$(inherited)",
					"@executable_path/Frameworks",
				);
				PRODUCT_BUNDLE_IDENTIFIER = Lukas.IDONTKNOW;
				PRODUCT_NAME = "$(TARGET_NAME)";
				SWIFT_VERSION = 4.2;
				TARGETED_DEVICE_FAMILY = "1,2";
			};
			name = Release;
		};
		80CB30AD21F13C1200219306 /* Debug */ = {
			isa = XCBuildConfiguration;
			buildSettings = {
				ALWAYS_EMBED_SWIFT_STANDARD_LIBRARIES = YES;
				BUNDLE_LOADER = "$(TEST_HOST)";
				CODE_SIGN_STYLE = Automatic;
				INFOPLIST_FILE = IDONTKNOWTests/Info.plist;
				LD_RUNPATH_SEARCH_PATHS = (
					"$(inherited)",
					"@executable_path/Frameworks",
					"@loader_path/Frameworks",
				);
				PRODUCT_BUNDLE_IDENTIFIER = Lukas.IDONTKNOWTests;
				PRODUCT_NAME = "$(TARGET_NAME)";
				SWIFT_VERSION = 4.2;
				TARGETED_DEVICE_FAMILY = "1,2";
				TEST_HOST = "$(BUILT_PRODUCTS_DIR)/IDONTKNOW.app/IDONTKNOW";
			};
			name = Debug;
		};
		80CB30AE21F13C1200219306 /* Release */ = {
			isa = XCBuildConfiguration;
			buildSettings = {
				ALWAYS_EMBED_SWIFT_STANDARD_LIBRARIES = YES;
				BUNDLE_LOADER = "$(TEST_HOST)";
				CODE_SIGN_STYLE = Automatic;
				INFOPLIST_FILE = IDONTKNOWTests/Info.plist;
				LD_RUNPATH_SEARCH_PATHS = (
					"$(inherited)",
					"@executable_path/Frameworks",
					"@loader_path/Frameworks",
				);
				PRODUCT_BUNDLE_IDENTIFIER = Lukas.IDONTKNOWTests;
				PRODUCT_NAME = "$(TARGET_NAME)";
				SWIFT_VERSION = 4.2;
				TARGETED_DEVICE_FAMILY = "1,2";
				TEST_HOST = "$(BUILT_PRODUCTS_DIR)/IDONTKNOW.app/IDONTKNOW";
			};
			name = Release;
		};
		80CB30B021F13C1200219306 /* Debug */ = {
			isa = XCBuildConfiguration;
			buildSettings = {
				ALWAYS_EMBED_SWIFT_STANDARD_LIBRARIES = YES;
				CODE_SIGN_STYLE = Automatic;
				INFOPLIST_FILE = IDONTKNOWUITests/Info.plist;
				LD_RUNPATH_SEARCH_PATHS = (
					"$(inherited)",
					"@executable_path/Frameworks",
					"@loader_path/Frameworks",
				);
				PRODUCT_BUNDLE_IDENTIFIER = Lukas.IDONTKNOWUITests;
				PRODUCT_NAME = "$(TARGET_NAME)";
				SWIFT_VERSION = 4.2;
				TARGETED_DEVICE_FAMILY = "1,2";
				TEST_TARGET_NAME = IDONTKNOW;
			};
			name = Debug;
		};
		80CB30B121F13C1200219306 /* Release */ = {
			isa = XCBuildConfiguration;
			buildSettings = {
				ALWAYS_EMBED_SWIFT_STANDARD_LIBRARIES = YES;
				CODE_SIGN_STYLE = Automatic;
				INFOPLIST_FILE = IDONTKNOWUITests/Info.plist;
				LD_RUNPATH_SEARCH_PATHS = (
					"$(inherited)",
					"@executable_path/Frameworks",
					"@loader_path/Frameworks",
				);
				PRODUCT_BUNDLE_IDENTIFIER = Lukas.IDONTKNOWUITests;
				PRODUCT_NAME = "$(TARGET_NAME)";
				SWIFT_VERSION = 4.2;
				TARGETED_DEVICE_FAMILY = "1,2";
				TEST_TARGET_NAME = IDONTKNOW;
			};
			name = Release;
		};
/* End XCBuildConfiguration section */

/* Begin XCConfigurationList section */
		80CB307621F13C0D00219306 /* Build configuration list for PBXProject "IDONTKNOW" */ = {
			isa = XCConfigurationList;
			buildConfigurations = (
				80CB30A721F13C1200219306 /* Debug */,
				80CB30A821F13C1200219306 /* Release */,
			);
			defaultConfigurationIsVisible = 0;
			defaultConfigurationName = Release;
		};
		80CB30A921F13C1200219306 /* Build configuration list for PBXNativeTarget "IDONTKNOW" */ = {
			isa = XCConfigurationList;
			buildConfigurations = (
				80CB30AA21F13C1200219306 /* Debug */,
				80CB30AB21F13C1200219306 /* Release */,
			);
			defaultConfigurationIsVisible = 0;
			defaultConfigurationName = Release;
		};
		80CB30AC21F13C1200219306 /* Build configuration list for PBXNativeTarget "IDONTKNOWTests" */ = {
			isa = XCConfigurationList;
			buildConfigurations = (
				80CB30AD21F13C1200219306 /* Debug */,
				80CB30AE21F13C1200219306 /* Release */,
			);
			defaultConfigurationIsVisible = 0;
			defaultConfigurationName = Release;
		};
		80CB30AF21F13C1200219306 /* Build configuration list for PBXNativeTarget "IDONTKNOWUITests" */ = {
			isa = XCConfigurationList;
			buildConfigurations = (
				80CB30B021F13C1200219306 /* Debug */,
				80CB30B121F13C1200219306 /* Release */,
			);
			defaultConfigurationIsVisible = 0;
			defaultConfigurationName = Release;
		};
/* End XCConfigurationList section */
	};
	rootObject = 80CB307321F13C0D00219306 /* Project object */;
}
